{
  "name": "rsa",
  "version": "0.9.0",
  "lockfileVersion": 1,
  "requires": true,
  "dependencies": {
    "bigint-crypto-utils": {
      "version": "2.4.7",
      "resolved": "https://registry.npmjs.org/bigint-crypto-utils/-/bigint-crypto-utils-2.4.7.tgz",
      "integrity": "sha512-xncjGjacUIBKvUTPssNlXujY3kSyu9tM5g3j1sTG8lnj6E6iPnMG8sctB7F4WKhGyTdPD1KqYD5V8RH1c49pwA=="
    }
  }
}
